
Microsoft Visual Studio Solution File, Format Version 12.00
# Visual Studio Version 17
VisualStudioVersion = 17.13.35931.197 d17.13
MinimumVisualStudioVersion = 10.0.40219.1
Project("{FAE04EC0-301F-11D3-BF4B-00C04F79EFBC}") = "ShapesLib", "ShapesLib\ShapesLib.csproj", "{D43248C1-F7C7-4E47-92F6-ECAD55FB5B9E}"
EndProject
Project("{FAE04EC0-301F-11D3-BF4B-00C04F79EFBC}") = "ShapesLib.Tests", "ShapesLib.Tests\ShapesLib.Tests.csproj", "{E74C5131-6298-4E54-8265-9B4986D9C279}"
EndProject
Global
	GlobalSection(SolutionConfigurationPlatforms) = preSolution
		Debug|Any CPU = Debug|Any CPU
		Release|Any CPU = Release|Any CPU
	EndGlobalSection
	GlobalSection(ProjectConfigurationPlatforms) = postSolution
		{D43248C1-F7C7-4E47-92F6-ECAD55FB5B9E}.Debug|Any CPU.ActiveCfg = Debug|Any CPU
		{D43248C1-F7C7-4E47-92F6-ECAD55FB5B9E}.Debug|Any CPU.Build.0 = Debug|Any CPU
		{D43248C1-F7C7-4E47-92F6-ECAD55FB5B9E}.Release|Any CPU.ActiveCfg = Release|Any CPU
		{D43248C1-F7C7-4E47-92F6-ECAD55FB5B9E}.Release|Any CPU.Build.0 = Release|Any CPU
		{E74C5131-6298-4E54-8265-9B4986D9C279}.Debug|Any CPU.ActiveCfg = Debug|Any CPU
		{E74C5131-6298-4E54-8265-9B4986D9C279}.Debug|Any CPU.Build.0 = Debug|Any CPU
		{E74C5131-6298-4E54-8265-9B4986D9C279}.Release|Any CPU.ActiveCfg = Release|Any CPU
		{E74C5131-6298-4E54-8265-9B4986D9C279}.Release|Any CPU.Build.0 = Release|Any CPU
	EndGlobalSection
	GlobalSection(SolutionProperties) = preSolution
		HideSolutionNode = FALSE
	EndGlobalSection
	GlobalSection(ExtensibilityGlobals) = postSolution
		SolutionGuid = {324373F5-7563-4B28-BB71-C455B60913E5}
	EndGlobalSection
EndGlobal
